Microsoft Visual Studio Solution File, Format Version 12.00
# Visual Studio Version 17
VisualStudioVersion = 17.5.2.0
MinimumVisualStudioVersion = 10.0.40219.1
Project("{FAE04EC0-301F-11D3-BF4B-00C04F79EFBC}") = "BaseballApp", "BaseballApp.csproj", "{91EF3A05-5A3D-A71B-5ACE-BEDE07C8FAAC}"
EndProject
Global
	GlobalSection(SolutionConfigurationPlatforms) = preSolution
		Debug|Any CPU = Debug|Any CPU
		Release|Any CPU = Release|Any CPU
	EndGlobalSection
	GlobalSection(ProjectConfigurationPlatforms) = postSolution
		{91EF3A05-5A3D-A71B-5ACE-BEDE07C8FAAC}.Debug|Any CPU.ActiveCfg = Debug|Any CPU
		{91EF3A05-5A3D-A71B-5ACE-BEDE07C8FAAC}.Debug|Any CPU.Build.0 = Debug|Any CPU
		{91EF3A05-5A3D-A71B-5ACE-BEDE07C8FAAC}.Release|Any CPU.ActiveCfg = Release|Any CPU
		{91EF3A05-5A3D-A71B-5ACE-BEDE07C8FAAC}.Release|Any CPU.Build.0 = Release|Any CPU
	EndGlobalSection
	GlobalSection(SolutionProperties) = preSolution
		HideSolutionNode = FALSE
	EndGlobalSection
	GlobalSection(ExtensibilityGlobals) = postSolution
		SolutionGuid = {D4EFB967-51DD-4171-A61D-9D1CE2AA101C}
	EndGlobalSection
EndGlobal
