
Microsoft Visual Studio Solution File, Format Version 12.00
# Visual Studio Version 17
VisualStudioVersion = 17.5.2.0
MinimumVisualStudioVersion = 10.0.40219.1
Project("{FAE04EC0-301F-11D3-BF4B-00C04F79EFBC}") = "BaseballApp", "BaseballApp.csproj", "{91EF3A05-5A3D-A71B-5ACE-BEDE07C8FAAC}"
EndProject
Project("{FAE04EC0-301F-11D3-BF4B-00C04F79EFBC}") = "BaseballApp.Core", "BaseballApp.Core\BaseballApp.Core.csproj", "{93B8329D-0A9A-473B-AF5B-ADB2BD877013}"
EndProject
Project("{2150E333-8FDC-42A3-9474-1A3956D46DE8}") = "tools", "tools", "{07C2787E-EAC7-C090-1BA3-A61EC2A24D84}"
EndProject
Project("{FAE04EC0-301F-11D3-BF4B-00C04F79EFBC}") = "DataEtl", "tools\DataEtl\DataEtl.csproj", "{643D3F08-9E95-42A8-A9E0-16166966555C}"
EndProject
Global
	GlobalSection(SolutionConfigurationPlatforms) = preSolution
		Debug|Any CPU = Debug|Any CPU
		Debug|x64 = Debug|x64
		Debug|x86 = Debug|x86
		Release|Any CPU = Release|Any CPU
		Release|x64 = Release|x64
		Release|x86 = Release|x86
	EndGlobalSection
	GlobalSection(ProjectConfigurationPlatforms) = postSolution
		{91EF3A05-5A3D-A71B-5ACE-BEDE07C8FAAC}.Debug|Any CPU.ActiveCfg = Debug|Any CPU
		{91EF3A05-5A3D-A71B-5ACE-BEDE07C8FAAC}.Debug|Any CPU.Build.0 = Debug|Any CPU
		{91EF3A05-5A3D-A71B-5ACE-BEDE07C8FAAC}.Debug|x64.ActiveCfg = Debug|Any CPU
		{91EF3A05-5A3D-A71B-5ACE-BEDE07C8FAAC}.Debug|x64.Build.0 = Debug|Any CPU
		{91EF3A05-5A3D-A71B-5ACE-BEDE07C8FAAC}.Debug|x86.ActiveCfg = Debug|Any CPU
		{91EF3A05-5A3D-A71B-5ACE-BEDE07C8FAAC}.Debug|x86.Build.0 = Debug|Any CPU
		{91EF3A05-5A3D-A71B-5ACE-BEDE07C8FAAC}.Release|Any CPU.ActiveCfg = Release|Any CPU
		{91EF3A05-5A3D-A71B-5ACE-BEDE07C8FAAC}.Release|Any CPU.Build.0 = Release|Any CPU
		{91EF3A05-5A3D-A71B-5ACE-BEDE07C8FAAC}.Release|x64.ActiveCfg = Release|Any CPU
		{91EF3A05-5A3D-A71B-5ACE-BEDE07C8FAAC}.Release|x64.Build.0 = Release|Any CPU
		{91EF3A05-5A3D-A71B-5ACE-BEDE07C8FAAC}.Release|x86.ActiveCfg = Release|Any CPU
		{91EF3A05-5A3D-A71B-5ACE-BEDE07C8FAAC}.Release|x86.Build.0 = Release|Any CPU
		{93B8329D-0A9A-473B-AF5B-ADB2BD877013}.Debug|Any CPU.ActiveCfg = Debug|Any CPU
		{93B8329D-0A9A-473B-AF5B-ADB2BD877013}.Debug|Any CPU.Build.0 = Debug|Any CPU
		{93B8329D-0A9A-473B-AF5B-ADB2BD877013}.Debug|x64.ActiveCfg = Debug|Any CPU
		{93B8329D-0A9A-473B-AF5B-ADB2BD877013}.Debug|x64.Build.0 = Debug|Any CPU
		{93B8329D-0A9A-473B-AF5B-ADB2BD877013}.Debug|x86.ActiveCfg = Debug|Any CPU
		{93B8329D-0A9A-473B-AF5B-ADB2BD877013}.Debug|x86.Build.0 = Debug|Any CPU
		{93B8329D-0A9A-473B-AF5B-ADB2BD877013}.Release|Any CPU.ActiveCfg = Release|Any CPU
		{93B8329D-0A9A-473B-AF5B-ADB2BD877013}.Release|Any CPU.Build.0 = Release|Any CPU
		{93B8329D-0A9A-473B-AF5B-ADB2BD877013}.Release|x64.ActiveCfg = Release|Any CPU
		{93B8329D-0A9A-473B-AF5B-ADB2BD877013}.Release|x64.Build.0 = Release|Any CPU
		{93B8329D-0A9A-473B-AF5B-ADB2BD877013}.Release|x86.ActiveCfg = Release|Any CPU
		{93B8329D-0A9A-473B-AF5B-ADB2BD877013}.Release|x86.Build.0 = Release|Any CPU
		{643D3F08-9E95-42A8-A9E0-16166966555C}.Debug|Any CPU.ActiveCfg = Debug|Any CPU
		{643D3F08-9E95-42A8-A9E0-16166966555C}.Debug|Any CPU.Build.0 = Debug|Any CPU
		{643D3F08-9E95-42A8-A9E0-16166966555C}.Debug|x64.ActiveCfg = Debug|Any CPU
		{643D3F08-9E95-42A8-A9E0-16166966555C}.Debug|x64.Build.0 = Debug|Any CPU
		{643D3F08-9E95-42A8-A9E0-16166966555C}.Debug|x86.ActiveCfg = Debug|Any CPU
		{643D3F08-9E95-42A8-A9E0-16166966555C}.Debug|x86.Build.0 = Debug|Any CPU
		{643D3F08-9E95-42A8-A9E0-16166966555C}.Release|Any CPU.ActiveCfg = Release|Any CPU
		{643D3F08-9E95-42A8-A9E0-16166966555C}.Release|Any CPU.Build.0 = Release|Any CPU
		{643D3F08-9E95-42A8-A9E0-16166966555C}.Release|x64.ActiveCfg = Release|Any CPU
		{643D3F08-9E95-42A8-A9E0-16166966555C}.Release|x64.Build.0 = Release|Any CPU
		{643D3F08-9E95-42A8-A9E0-16166966555C}.Release|x86.ActiveCfg = Release|Any CPU
		{643D3F08-9E95-42A8-A9E0-16166966555C}.Release|x86.Build.0 = Release|Any CPU
	EndGlobalSection
	GlobalSection(SolutionProperties) = preSolution
		HideSolutionNode = FALSE
	EndGlobalSection
	GlobalSection(NestedProjects) = preSolution
		{643D3F08-9E95-42A8-A9E0-16166966555C} = {07C2787E-EAC7-C090-1BA3-A61EC2A24D84}
	EndGlobalSection
	GlobalSection(ExtensibilityGlobals) = postSolution
		SolutionGuid = {D4EFB967-51DD-4171-A61D-9D1CE2AA101C}
	EndGlobalSection
EndGlobal
