Microsoft Visual Studio Solution File, Format Version 12.00
# Visual Studio Version 17
VisualStudioVersion = 17.5.2.0
MinimumVisualStudioVersion = 10.0.40219.1
Project("{FAE04EC0-301F-11D3-BF4B-00C04F79EFBC}") = "BaseballApp.Core", "BaseballApp.Core.csproj", "{CC7E12E9-60E6-4468-9150-B5D13F28B666}"
EndProject
Global
	GlobalSection(SolutionConfigurationPlatforms) = preSolution
		Debug|Any CPU = Debug|Any CPU
		Release|Any CPU = Release|Any CPU
	EndGlobalSection
	GlobalSection(ProjectConfigurationPlatforms) = postSolution
		{CC7E12E9-60E6-4468-9150-B5D13F28B666}.Debug|Any CPU.ActiveCfg = Debug|Any CPU
		{CC7E12E9-60E6-4468-9150-B5D13F28B666}.Debug|Any CPU.Build.0 = Debug|Any CPU
		{CC7E12E9-60E6-4468-9150-B5D13F28B666}.Release|Any CPU.ActiveCfg = Release|Any CPU
		{CC7E12E9-60E6-4468-9150-B5D13F28B666}.Release|Any CPU.Build.0 = Release|Any CPU
	EndGlobalSection
	GlobalSection(SolutionProperties) = preSolution
		HideSolutionNode = FALSE
	EndGlobalSection
	GlobalSection(ExtensibilityGlobals) = postSolution
		SolutionGuid = {DD13E97C-84AF-463A-BB74-680AEDAF02F2}
	EndGlobalSection
EndGlobal
